
Microsoft Visual Studio Solution File, Format Version 12.00
# Visual Studio Version 16
VisualStudioVersion = 16.0.31410.357
MinimumVisualStudioVersion = 10.0.40219.1
Project("{FAE04EC0-301F-11D3-BF4B-00C04F79EFBC}") = "UD9E1", "UD9E1\UD9E1.csproj", "{7B367C6C-F06B-4340-9085-6CBA82C6F5A9}"
EndProject
Global
	GlobalSection(SolutionConfigurationPlatforms) = preSolution
		Debug|Any CPU = Debug|Any CPU
		Release|Any CPU = Release|Any CPU
	EndGlobalSection
	GlobalSection(ProjectConfigurationPlatforms) = postSolution
		{7B367C6C-F06B-4340-9085-6CBA82C6F5A9}.Debug|Any CPU.ActiveCfg = Debug|Any CPU
		{7B367C6C-F06B-4340-9085-6CBA82C6F5A9}.Debug|Any CPU.Build.0 = Debug|Any CPU
		{7B367C6C-F06B-4340-9085-6CBA82C6F5A9}.Release|Any CPU.ActiveCfg = Release|Any CPU
		{7B367C6C-F06B-4340-9085-6CBA82C6F5A9}.Release|Any CPU.Build.0 = Release|Any CPU
	EndGlobalSection
	GlobalSection(SolutionProperties) = preSolution
		HideSolutionNode = FALSE
	EndGlobalSection
	GlobalSection(ExtensibilityGlobals) = postSolution
		SolutionGuid = {1DB83960-121F-4052-832D-83947696CCF9}
	EndGlobalSection
EndGlobal
